
Microsoft Visual Studio Solution File, Format Version 12.00
# Visual Studio 15
Project("{FAE04EC0-301F-11D3-BF4B-00C04F79EFBC}") = "Assembly-CSharp-Editor", "Assembly-CSharp-Editor.csproj", "{CCC92631-4B35-27B7-753A-B2EF3D700B8C}"
EndProject
Project("{FAE04EC0-301F-11D3-BF4B-00C04F79EFBC}") = "Assembly-CSharp", "Assembly-CSharp.csproj", "{4E63B961-CE08-62D4-E0C6-438080215E0F}"
EndProject
Project("{FAE04EC0-301F-11D3-BF4B-00C04F79EFBC}") = "Assembly-CSharp", "Assembly-CSharp.Player.csproj", "{AB5E62F8-F875-D5B3-0015-CAFD5B278E40}"
EndProject
Global
	GlobalSection(SolutionConfigurationPlatforms) = preSolution
		Debug|Any CPU = Debug|Any CPU
		Release|Any CPU = Release|Any CPU
	EndGlobalSection
	GlobalSection(ProjectConfigurationPlatforms) = postSolution
		{CCC92631-4B35-27B7-753A-B2EF3D700B8C}.Debug|Any CPU.ActiveCfg = Debug|Any CPU
		{CCC92631-4B35-27B7-753A-B2EF3D700B8C}.Debug|Any CPU.Build.0 = Debug|Any CPU
		{CCC92631-4B35-27B7-753A-B2EF3D700B8C}.Release|Any CPU.ActiveCfg = Release|Any CPU
		{CCC92631-4B35-27B7-753A-B2EF3D700B8C}.Release|Any CPU.Build.0 = Release|Any CPU
		{4E63B961-CE08-62D4-E0C6-438080215E0F}.Debug|Any CPU.ActiveCfg = Debug|Any CPU
		{4E63B961-CE08-62D4-E0C6-438080215E0F}.Debug|Any CPU.Build.0 = Debug|Any CPU
		{4E63B961-CE08-62D4-E0C6-438080215E0F}.Release|Any CPU.ActiveCfg = Release|Any CPU
		{4E63B961-CE08-62D4-E0C6-438080215E0F}.Release|Any CPU.Build.0 = Release|Any CPU
		{AB5E62F8-F875-D5B3-0015-CAFD5B278E40}.Debug|Any CPU.ActiveCfg = Debug|Any CPU
		{AB5E62F8-F875-D5B3-0015-CAFD5B278E40}.Debug|Any CPU.Build.0 = Debug|Any CPU
		{AB5E62F8-F875-D5B3-0015-CAFD5B278E40}.Release|Any CPU.ActiveCfg = Release|Any CPU
		{AB5E62F8-F875-D5B3-0015-CAFD5B278E40}.Release|Any CPU.Build.0 = Release|Any CPU
	EndGlobalSection
	GlobalSection(SolutionProperties) = preSolution
		HideSolutionNode = FALSE
	EndGlobalSection
EndGlobal
